// !$*UTF8*$!
{
	archiveVersion = 1;
	classes = {
	};
	objectVersion = 50;
	objects = {

/* Begin PBXBuildFile section */
		C40DF15A261B7A9700C301ED /* DribbleAnimatedView.swift in Sources */ = {isa = PBXBuildFile; fileRef = C40DF159261B7A9700C301ED /* DribbleAnimatedView.swift */; };
		C40DF15B261B7A9700C301ED /* DribbleAnimatedView.swift in Sources */ = {isa = PBXBuildFile; fileRef = C40DF159261B7A9700C301ED /* DribbleAnimatedView.swift */; };
		C456E7D426124A3D006F0147 /* AnimatedIndicatorApp.swift in Sources */ = {isa = PBXBuildFile; fileRef = C456E7C126124A3B006F0147 /* AnimatedIndicatorApp.swift */; };
		C456E7D526124A3D006F0147 /* AnimatedIndicatorApp.swift in Sources */ = {isa = PBXBuildFile; fileRef = C456E7C126124A3B006F0147 /* AnimatedIndicatorApp.swift */; };
		C456E7D626124A3D006F0147 /* ContentView.swift in Sources */ = {isa = PBXBuildFile; fileRef = C456E7C226124A3B006F0147 /* ContentView.swift */; };
		C456E7D726124A3D006F0147 /* ContentView.swift in Sources */ = {isa = PBXBuildFile; fileRef = C456E7C226124A3B006F0147 /* ContentView.swift */; };
		C456E7D826124A3D006F0147 /* Assets.xcassets in Resources */ = {isa = PBXBuildFile; fileRef = C456E7C326124A3D006F0147 /* Assets.xcassets */; };
		C456E7D926124A3D006F0147 /* Assets.xcassets in Resources */ = {isa = PBXBuildFile; fileRef = C456E7C326124A3D006F0147 /* Assets.xcassets */; };
		C456E7EC26124B46006F0147 /* HomeView.swift in Sources */ = {isa = PBXBuildFile; fileRef = C456E7EB26124B46006F0147 /* HomeView.swift */; };
		C456E7ED26124B46006F0147 /* HomeView.swift in Sources */ = {isa = PBXBuildFile; fileRef = C456E7EB26124B46006F0147 /* HomeView.swift */; };
/* End PBXBuildFile section */

/* Begin PBXFileReference section */
		C40DF159261B7A9700C301ED /* DribbleAnimatedView.swift */ = {isa = PBXFileReference; lastKnownFileType = sourcecode.swift; path = DribbleAnimatedView.swift; sourceTree = "<group>"; };
		C456E7C126124A3B006F0147 /* AnimatedIndicatorApp.swift */ = {isa = PBXFileReference; lastKnownFileType = sourcecode.swift; path = AnimatedIndicatorApp.swift; sourceTree = "<group>"; };
		C456E7C226124A3B006F0147 /* ContentView.swift */ = {isa = PBXFileReference; lastKnownFileType = sourcecode.swift; path = ContentView.swift; sourceTree = "<group>"; };
		C456E7C326124A3D006F0147 /* Assets.xcassets */ = {isa = PBXFileReference; lastKnownFileType = folder.assetcatalog; path = Assets.xcassets; sourceTree = "<group>"; };
		C456E7C826124A3D006F0147 /* AnimatedIndicator.app */ = {isa = PBXFileReference; explicitFileType = wrapper.application; includeInIndex = 0; path = AnimatedIndicator.app; sourceTree = BUILT_PRODUCTS_DIR; };
		C456E7CB26124A3D006F0147 /* Info.plist */ = {isa = PBXFileReference; lastKnownFileType = text.plist.xml; path = Info.plist; sourceTree = "<group>"; };
		C456E7D026124A3D006F0147 /* AnimatedIndicator.app */ = {isa = PBXFileReference; explicitFileType = wrapper.application; includeInIndex = 0; path = AnimatedIndicator.app; sourceTree = BUILT_PRODUCTS_DIR; };
		C456E7D226124A3D006F0147 /* Info.plist */ = {isa = PBXFileReference; lastKnownFileType = text.plist.xml; path = Info.plist; sourceTree = "<group>"; };
		C456E7D326124A3D006F0147 /* macOS.entitlements */ = {isa = PBXFileReference; lastKnownFileType = text.plist.entitlements; path = macOS.entitlements; sourceTree = "<group>"; };
		C456E7EB26124B46006F0147 /* HomeView.swift */ = {isa = PBXFileReference; lastKnownFileType = sourcecode.swift; path = HomeView.swift; sourceTree = "<group>"; };
/* End PBXFileReference section */

/* Begin PBXFrameworksBuildPhase section */
		C456E7C526124A3D006F0147 /* Frameworks */ = {
			isa = PBXFrameworksBuildPhase;
			buildActionMask = 2147483647;
			files = (
			);
			runOnlyForDeploymentPostprocessing = 0;
		};
		C456E7CD26124A3D006F0147 /* Frameworks */ = {
			isa = PBXFrameworksBuildPhase;
			buildActionMask = 2147483647;
			files = (
			);
			runOnlyForDeploymentPostprocessing = 0;
		};
/* End PBXFrameworksBuildPhase section */

/* Begin PBXGroup section */
		C456E7BB26124A3A006F0147 = {
			isa = PBXGroup;
			children = (
				C456E7C026124A3B006F0147 /* Shared */,
				C456E7CA26124A3D006F0147 /* iOS */,
				C456E7D126124A3D006F0147 /* macOS */,
				C456E7C926124A3D006F0147 /* Products */,
			);
			sourceTree = "<group>";
		};
		C456E7C026124A3B006F0147 /* Shared */ = {
			isa = PBXGroup;
			children = (
				C456E7C126124A3B006F0147 /* AnimatedIndicatorApp.swift */,
				C456E7C226124A3B006F0147 /* ContentView.swift */,
				C456E7C326124A3D006F0147 /* Assets.xcassets */,
				C456E7EB26124B46006F0147 /* HomeView.swift */,
				C40DF159261B7A9700C301ED /* DribbleAnimatedView.swift */,
			);
			path = Shared;
			sourceTree = "<group>";
		};
		C456E7C926124A3D006F0147 /* Products */ = {
			isa = PBXGroup;
			children = (
				C456E7C826124A3D006F0147 /* AnimatedIndicator.app */,
				C456E7D026124A3D006F0147 /* AnimatedIndicator.app */,
			);
			name = Products;
			sourceTree = "<group>";
		};
		C456E7CA26124A3D006F0147 /* iOS */ = {
			isa = PBXGroup;
			children = (
				C456E7CB26124A3D006F0147 /* Info.plist */,
			);
			path = iOS;
			sourceTree = "<group>";
		};
		C456E7D126124A3D006F0147 /* macOS */ = {
			isa = PBXGroup;
			children = (
				C456E7D226124A3D006F0147 /* Info.plist */,
				C456E7D326124A3D006F0147 /* macOS.entitlements */,
			);
			path = macOS;
			sourceTree = "<group>";
		};
/* End PBXGroup section */

/* Begin PBXNativeTarget section */
		C456E7C726124A3D006F0147 /* AnimatedIndicator (iOS) */ = {
			isa = PBXNativeTarget;
			buildConfigurationList = C456E7DC26124A3D006F0147 /* Build configuration list for PBXNativeTarget "AnimatedIndicator (iOS)" */;
			buildPhases = (
				C456E7C426124A3D006F0147 /* Sources */,
				C456E7C526124A3D006F0147 /* Frameworks */,
				C456E7C626124A3D006F0147 /* Resources */,
			);
			buildRules = (
			);
			dependencies = (
			);
			name = "AnimatedIndicator (iOS)";
			productName = "AnimatedIndicator (iOS)";
			productReference = C456E7C826124A3D006F0147 /* AnimatedIndicator.app */;
			productType = "com.apple.product-type.application";
		};
		C456E7CF26124A3D006F0147 /* AnimatedIndicator (macOS) */ = {
			isa = PBXNativeTarget;
			buildConfigurationList = C456E7DF26124A3D006F0147 /* Build configuration list for PBXNativeTarget "AnimatedIndicator (macOS)" */;
			buildPhases = (
				C456E7CC26124A3D006F0147 /* Sources */,
				C456E7CD26124A3D006F0147 /* Frameworks */,
				C456E7CE26124A3D006F0147 /* Resources */,
			);
			buildRules = (
			);
			dependencies = (
			);
			name = "AnimatedIndicator (macOS)";
			productName = "AnimatedIndicator (macOS)";
			productReference = C456E7D026124A3D006F0147 /* AnimatedIndicator.app */;
			productType = "com.apple.product-type.application";
		};
/* End PBXNativeTarget section */

/* Begin PBXProject section */
		C456E7BC26124A3A006F0147 /* Project object */ = {
			isa = PBXProject;
			attributes = {
				LastSwiftUpdateCheck = 1240;
				LastUpgradeCheck = 1240;
				TargetAttributes = {
					C456E7C726124A3D006F0147 = {
						CreatedOnToolsVersion = 12.4;
					};
					C456E7CF26124A3D006F0147 = {
						CreatedOnToolsVersion = 12.4;
					};
				};
			};
			buildConfigurationList = C456E7BF26124A3A006F0147 /* Build configuration list for PBXProject "AnimatedIndicator" */;
			compatibilityVersion = "Xcode 9.3";
			developmentRegion = en;
			hasScannedForEncodings = 0;
			knownRegions = (
				en,
				Base,
			);
			mainGroup = C456E7BB26124A3A006F0147;
			productRefGroup = C456E7C926124A3D006F0147 /* Products */;
			projectDirPath = "";
			projectRoot = "";
			targets = (
				C456E7C726124A3D006F0147 /* AnimatedIndicator (iOS) */,
				C456E7CF26124A3D006F0147 /* AnimatedIndicator (macOS) */,
			);
		};
/* End PBXProject section */

/* Begin PBXResourcesBuildPhase section */
		C456E7C626124A3D006F0147 /* Resources */ = {
			isa = PBXResourcesBuildPhase;
			buildActionMask = 2147483647;
			files = (
				C456E7D826124A3D006F0147 /* Assets.xcassets in Resources */,
			);
			runOnlyForDeploymentPostprocessing = 0;
		};
		C456E7CE26124A3D006F0147 /* Resources */ = {
			isa = PBXResourcesBuildPhase;
			buildActionMask = 2147483647;
			files = (
				C456E7D926124A3D006F0147 /* Assets.xcassets in Resources */,
			);
			runOnlyForDeploymentPostprocessing = 0;
		};
/* End PBXResourcesBuildPhase section */

/* Begin PBXSourcesBuildPhase section */
		C456E7C426124A3D006F0147 /* Sources */ = {
			isa = PBXSourcesBuildPhase;
			buildActionMask = 2147483647;
			files = (
				C456E7EC26124B46006F0147 /* HomeView.swift in Sources */,
				C456E7D626124A3D006F0147 /* ContentView.swift in Sources */,
				C40DF15A261B7A9700C301ED /* DribbleAnimatedView.swift in Sources */,
				C456E7D426124A3D006F0147 /* AnimatedIndicatorApp.swift in Sources */,
			);
			runOnlyForDeploymentPostprocessing = 0;
		};
		C456E7CC26124A3D006F0147 /* Sources */ = {
			isa = PBXSourcesBuildPhase;
			buildActionMask = 2147483647;
			files = (
				C456E7ED26124B46006F0147 /* HomeView.swift in Sources */,
				C456E7D726124A3D006F0147 /* ContentView.swift in Sources */,
				C40DF15B261B7A9700C301ED /* DribbleAnimatedView.swift in Sources */,
				C456E7D526124A3D006F0147 /* AnimatedIndicatorApp.swift in Sources */,
			);
			runOnlyForDeploymentPostprocessing = 0;
		};
/* End PBXSourcesBuildPhase section */

/* Begin XCBuildConfiguration section */
		C456E7DA26124A3D006F0147 /* Debug */ = {
			isa = XCBuildConfiguration;
			buildSettings = {
				ALWAYS_SEARCH_USER_PATHS = NO;
				CLANG_ANALYZER_NONNULL = YES;
				CLANG_ANALYZER_NUMBER_OBJECT_CONVERSION = YES_AGGRESSIVE;
				CLANG_CXX_LANGUAGE_STANDARD = "gnu++14";
				CLANG_CXX_LIBRARY = "libc++";
				CLANG_ENABLE_MODULES = YES;
				CLANG_ENABLE_OBJC_ARC = YES;
				CLANG_ENABLE_OBJC_WEAK = YES;
				CLANG_WARN_BLOCK_CAPTURE_AUTORELEASING = YES;
				CLANG_WARN_BOOL_CONVERSION = YES;
				CLANG_WARN_COMMA = YES;
				CLANG_WARN_CONSTANT_CONVERSION = YES;
				CLANG_WARN_DEPRECATED_OBJC_IMPLEMENTATIONS = YES;
				CLANG_WARN_DIRECT_OBJC_ISA_USAGE = YES_ERROR;
				CLANG_WARN_DOCUMENTATION_COMMENTS = YES;
				CLANG_WARN_EMPTY_BODY = YES;
				CLANG_WARN_ENUM_CONVERSION = YES;
				CLANG_WARN_INFINITE_RECURSION = YES;
				CLANG_WARN_INT_CONVERSION = YES;
				CLANG_WARN_NON_LITERAL_NULL_CONVERSION = YES;
				CLANG_WARN_OBJC_IMPLICIT_RETAIN_SELF = YES;
				CLANG_WARN_OBJC_LITERAL_CONVERSION = YES;
				CLANG_WARN_OBJC_ROOT_CLASS = YES_ERROR;
				CLANG_WARN_QUOTED_INCLUDE_IN_FRAMEWORK_HEADER = YES;
				CLANG_WARN_RANGE_LOOP_ANALYSIS = YES;
				CLANG_WARN_STRICT_PROTOTYPES = YES;
				CLANG_WARN_SUSPICIOUS_MOVE = YES;
				CLANG_WARN_UNGUARDED_AVAILABILITY = YES_AGGRESSIVE;
				CLANG_WARN_UNREACHABLE_CODE = YES;
				CLANG_WARN__DUPLICATE_METHOD_MATCH = YES;
				COPY_PHASE_STRIP = NO;
				DEBUG_INFORMATION_FORMAT = dwarf;
				ENABLE_STRICT_OBJC_MSGSEND = YES;
				ENABLE_TESTABILITY = YES;
				GCC_C_LANGUAGE_STANDARD = gnu11;
				GCC_DYNAMIC_NO_PIC = NO;
				GCC_NO_COMMON_BLOCKS = YES;
				GCC_OPTIMIZATION_LEVEL = 0;
				GCC_PREPROCESSOR_DEFINITIONS = (
					"DEBUG=1",
					"$(inherited)",
				);
				GCC_WARN_64_TO_32_BIT_CONVERSION = YES;
				GCC_WARN_ABOUT_RETURN_TYPE = YES_ERROR;
				GCC_WARN_UNDECLARED_SELECTOR = YES;
				GCC_WARN_UNINITIALIZED_AUTOS = YES_AGGRESSIVE;
				GCC_WARN_UNUSED_FUNCTION = YES;
				GCC_WARN_UNUSED_VARIABLE = YES;
				MTL_ENABLE_DEBUG_INFO = INCLUDE_SOURCE;
				MTL_FAST_MATH = YES;
				ONLY_ACTIVE_ARCH = YES;
				SWIFT_ACTIVE_COMPILATION_CONDITIONS = DEBUG;
				SWIFT_OPTIMIZATION_LEVEL = "-Onone";
			};
			name = Debug;
		};
		C456E7DB26124A3D006F0147 /* Release */ = {
			isa = XCBuildConfiguration;
			buildSettings = {
				ALWAYS_SEARCH_USER_PATHS = NO;
				CLANG_ANALYZER_NONNULL = YES;
				CLANG_ANALYZER_NUMBER_OBJECT_CONVERSION = YES_AGGRESSIVE;
				CLANG_CXX_LANGUAGE_STANDARD = "gnu++14";
				CLANG_CXX_LIBRARY = "libc++";
				CLANG_ENABLE_MODULES = YES;
				CLANG_ENABLE_OBJC_ARC = YES;
				CLANG_ENABLE_OBJC_WEAK = YES;
				CLANG_WARN_BLOCK_CAPTURE_AUTORELEASING = YES;
				CLANG_WARN_BOOL_CONVERSION = YES;
				CLANG_WARN_COMMA = YES;
				CLANG_WARN_CONSTANT_CONVERSION = YES;
				CLANG_WARN_DEPRECATED_OBJC_IMPLEMENTATIONS = YES;
				CLANG_WARN_DIRECT_OBJC_ISA_USAGE = YES_ERROR;
				CLANG_WARN_DOCUMENTATION_COMMENTS = YES;
				CLANG_WARN_EMPTY_BODY = YES;
				CLANG_WARN_ENUM_CONVERSION = YES;
				CLANG_WARN_INFINITE_RECURSION = YES;
				CLANG_WARN_INT_CONVERSION = YES;
				CLANG_WARN_NON_LITERAL_NULL_CONVERSION = YES;
				CLANG_WARN_OBJC_IMPLICIT_RETAIN_SELF = YES;
				CLANG_WARN_OBJC_LITERAL_CONVERSION = YES;
				CLANG_WARN_OBJC_ROOT_CLASS = YES_ERROR;
				CLANG_WARN_QUOTED_INCLUDE_IN_FRAMEWORK_HEADER = YES;
				CLANG_WARN_RANGE_LOOP_ANALYSIS = YES;
				CLANG_WARN_STRICT_PROTOTYPES = YES;
				CLANG_WARN_SUSPICIOUS_MOVE = YES;
				CLANG_WARN_UNGUARDED_AVAILABILITY = YES_AGGRESSIVE;
				CLANG_WARN_UNREACHABLE_CODE = YES;
				CLANG_WARN__DUPLICATE_METHOD_MATCH = YES;
				COPY_PHASE_STRIP = NO;
				DEBUG_INFORMATION_FORMAT = "dwarf-with-dsym";
				ENABLE_NS_ASSERTIONS = NO;
				ENABLE_STRICT_OBJC_MSGSEND = YES;
				GCC_C_LANGUAGE_STANDARD = gnu11;
				GCC_NO_COMMON_BLOCKS = YES;
				GCC_WARN_64_TO_32_BIT_CONVERSION = YES;
				GCC_WARN_ABOUT_RETURN_TYPE = YES_ERROR;
				GCC_WARN_UNDECLARED_SELECTOR = YES;
				GCC_WARN_UNINITIALIZED_AUTOS = YES_AGGRESSIVE;
				GCC_WARN_UNUSED_FUNCTION = YES;
				GCC_WARN_UNUSED_VARIABLE = YES;
				MTL_ENABLE_DEBUG_INFO = NO;
				MTL_FAST_MATH = YES;
				SWIFT_COMPILATION_MODE = wholemodule;
				SWIFT_OPTIMIZATION_LEVEL = "-O";
			};
			name = Release;
		};
		C456E7DD26124A3D006F0147 /* Debug */ = {
			isa = XCBuildConfiguration;
			buildSettings = {
				ASSETCATALOG_COMPILER_APPICON_NAME = AppIcon;
				ASSETCATALOG_COMPILER_GLOBAL_ACCENT_COLOR_NAME = AccentColor;
				CODE_SIGN_STYLE = Automatic;
				DEVELOPMENT_TEAM = G7DSPSWXXC;
				ENABLE_PREVIEWS = YES;
				INFOPLIST_FILE = iOS/Info.plist;
				IPHONEOS_DEPLOYMENT_TARGET = 14.0;
				LD_RUNPATH_SEARCH_PATHS = (
					"$(inherited)",
					"@executable_path/Frameworks",
				);
				PRODUCT_BUNDLE_IDENTIFIER = com.MicheleManniello.AnimatedIndicator;
				PRODUCT_NAME = AnimatedIndicator;
				SDKROOT = iphoneos;
				SWIFT_VERSION = 5.0;
				TARGETED_DEVICE_FAMILY = "1,2";
			};
			name = Debug;
		};
		C456E7DE26124A3D006F0147 /* Release */ = {
			isa = XCBuildConfiguration;
			buildSettings = {
				ASSETCATALOG_COMPILER_APPICON_NAME = AppIcon;
				ASSETCATALOG_COMPILER_GLOBAL_ACCENT_COLOR_NAME = AccentColor;
				CODE_SIGN_STYLE = Automatic;
				DEVELOPMENT_TEAM = G7DSPSWXXC;
				ENABLE_PREVIEWS = YES;
				INFOPLIST_FILE = iOS/Info.plist;
				IPHONEOS_DEPLOYMENT_TARGET = 14.0;
				LD_RUNPATH_SEARCH_PATHS = (
					"$(inherited)",
					"@executable_path/Frameworks",
				);
				PRODUCT_BUNDLE_IDENTIFIER = com.MicheleManniello.AnimatedIndicator;
				PRODUCT_NAME = AnimatedIndicator;
				SDKROOT = iphoneos;
				SWIFT_VERSION = 5.0;
				TARGETED_DEVICE_FAMILY = "1,2";
				VALIDATE_PRODUCT = YES;
			};
			name = Release;
		};
		C456E7E026124A3D006F0147 /* Debug */ = {
			isa = XCBuildConfiguration;
			buildSettings = {
				ASSETCATALOG_COMPILER_APPICON_NAME = AppIcon;
				ASSETCATALOG_COMPILER_GLOBAL_ACCENT_COLOR_NAME = AccentColor;
				CODE_SIGN_ENTITLEMENTS = macOS/macOS.entitlements;
				CODE_SIGN_STYLE = Automatic;
				COMBINE_HIDPI_IMAGES = YES;
				DEVELOPMENT_TEAM = G7DSPSWXXC;
				ENABLE_HARDENED_RUNTIME = YES;
				ENABLE_PREVIEWS = YES;
				INFOPLIST_FILE = macOS/Info.plist;
				LD_RUNPATH_SEARCH_PATHS = (
					"$(inherited)",
					"@executable_path/../Frameworks",
				);
				MACOSX_DEPLOYMENT_TARGET = 11.0;
				PRODUCT_BUNDLE_IDENTIFIER = com.MicheleManniello.AnimatedIndicator;
				PRODUCT_NAME = AnimatedIndicator;
				SDKROOT = macosx;
				SWIFT_VERSION = 5.0;
			};
			name = Debug;
		};
		C456E7E126124A3D006F0147 /* Release */ = {
			isa = XCBuildConfiguration;
			buildSettings = {
				ASSETCATALOG_COMPILER_APPICON_NAME = AppIcon;
				ASSETCATALOG_COMPILER_GLOBAL_ACCENT_COLOR_NAME = AccentColor;
				CODE_SIGN_ENTITLEMENTS = macOS/macOS.entitlements;
				CODE_SIGN_STYLE = Automatic;
				COMBINE_HIDPI_IMAGES = YES;
				DEVELOPMENT_TEAM = G7DSPSWXXC;
				ENABLE_HARDENED_RUNTIME = YES;
				ENABLE_PREVIEWS = YES;
				INFOPLIST_FILE = macOS/Info.plist;
				LD_RUNPATH_SEARCH_PATHS = (
					"$(inherited)",
					"@executable_path/../Frameworks",
				);
				MACOSX_DEPLOYMENT_TARGET = 11.0;
				PRODUCT_BUNDLE_IDENTIFIER = com.MicheleManniello.AnimatedIndicator;
				PRODUCT_NAME = AnimatedIndicator;
				SDKROOT = macosx;
				SWIFT_VERSION = 5.0;
			};
			name = Release;
		};
/* End XCBuildConfiguration section */

/* Begin XCConfigurationList section */
		C456E7BF26124A3A006F0147 /* Build configuration list for PBXProject "AnimatedIndicator" */ = {
			isa = XCConfigurationList;
			buildConfigurations = (
				C456E7DA26124A3D006F0147 /* Debug */,
				C456E7DB26124A3D006F0147 /* Release */,
			);
			defaultConfigurationIsVisible = 0;
			defaultConfigurationName = Release;
		};
		C456E7DC26124A3D006F0147 /* Build configuration list for PBXNativeTarget "AnimatedIndicator (iOS)" */ = {
			isa = XCConfigurationList;
			buildConfigurations = (
				C456E7DD26124A3D006F0147 /* Debug */,
				C456E7DE26124A3D006F0147 /* Release */,
			);
			defaultConfigurationIsVisible = 0;
			defaultConfigurationName = Release;
		};
		C456E7DF26124A3D006F0147 /* Build configuration list for PBXNativeTarget "AnimatedIndicator (macOS)" */ = {
			isa = XCConfigurationList;
			buildConfigurations = (
				C456E7E026124A3D006F0147 /* Debug */,
				C456E7E126124A3D006F0147 /* Release */,
			);
			defaultConfigurationIsVisible = 0;
			defaultConfigurationName = Release;
		};
/* End XCConfigurationList section */
	};
	rootObject = C456E7BC26124A3A006F0147 /* Project object */;
}
